
Microsoft Visual Studio Solution File, Format Version 12.00
# Visual Studio Version 16
VisualStudioVersion = 16.0.29230.47
MinimumVisualStudioVersion = 10.0.40219.1
Project("{FAE04EC0-301F-11D3-BF4B-00C04F79EFBC}") = "thursday 2", "thursday 2.csproj", "{57905070-FAD4-4031-978C-9A61BD5EAD9A}"
EndProject
Global
	GlobalSection(SolutionConfigurationPlatforms) = preSolution
		Debug|Any CPU = Debug|Any CPU
		Release|Any CPU = Release|Any CPU
	EndGlobalSection
	GlobalSection(ProjectConfigurationPlatforms) = postSolution
		{57905070-FAD4-4031-978C-9A61BD5EAD9A}.Debug|Any CPU.ActiveCfg = Debug|Any CPU
		{57905070-FAD4-4031-978C-9A61BD5EAD9A}.Debug|Any CPU.Build.0 = Debug|Any CPU
		{57905070-FAD4-4031-978C-9A61BD5EAD9A}.Release|Any CPU.ActiveCfg = Release|Any CPU
		{57905070-FAD4-4031-978C-9A61BD5EAD9A}.Release|Any CPU.Build.0 = Release|Any CPU
	EndGlobalSection
	GlobalSection(SolutionProperties) = preSolution
		HideSolutionNode = FALSE
	EndGlobalSection
	GlobalSection(ExtensibilityGlobals) = postSolution
		SolutionGuid = {3FBF32DC-A17A-4D26-A786-8327B62FC95D}
	EndGlobalSection
EndGlobal
